
Microsoft Visual Studio Solution File, Format Version 12.00
# Visual Studio Version 17
VisualStudioVersion = 17.6.33829.357
MinimumVisualStudioVersion = 10.0.40219.1
Project("{9A19103F-16F7-4668-BE54-9A1E7A4F7556}") = "ApiAuth.ApiKey", "ApiAuth.ApiKey\ApiAuth.ApiKey.csproj", "{2308FFE2-44E5-4042-AADB-8DDF5DF0A53D}"
EndProject
Project("{9A19103F-16F7-4668-BE54-9A1E7A4F7556}") = "ApiAuth.Basic", "ApiAuth.Basic\ApiAuth.Basic.csproj", "{20FE2114-30A1-434C-A521-1D18B405A2C1}"
EndProject
Project("{9A19103F-16F7-4668-BE54-9A1E7A4F7556}") = "ApiAuth.Jwt", "ApiAuth.Jwt\ApiAuth.Jwt.csproj", "{56528F60-AC7B-4FD4-BF26-62814952A717}"
EndProject
Project("{9A19103F-16F7-4668-BE54-9A1E7A4F7556}") = "ApiAuth.Data", "ApiAuth.Data\ApiAuth.Data.csproj", "{7949DE57-A470-4FE6-812D-57D19806FB62}"
EndProject
Project("{9A19103F-16F7-4668-BE54-9A1E7A4F7556}") = "OAuth.External.Web", "OAuth.External.Web\OAuth.External.Web.csproj", "{AF85E8F3-2A30-4A99-8E12-4E23B484C39D}"
EndProject
Project("{FAE04EC0-301F-11D3-BF4B-00C04F79EFBC}") = "OAuth.Server", "OAuth.Server\OAuth.Server.csproj", "{32432C6F-0A0D-429B-B2E6-F0AD2097A9DD}"
EndProject
Global
	GlobalSection(SolutionConfigurationPlatforms) = preSolution
		Debug|Any CPU = Debug|Any CPU
		Release|Any CPU = Release|Any CPU
	EndGlobalSection
	GlobalSection(ProjectConfigurationPlatforms) = postSolution
		{2308FFE2-44E5-4042-AADB-8DDF5DF0A53D}.Debug|Any CPU.ActiveCfg = Debug|Any CPU
		{2308FFE2-44E5-4042-AADB-8DDF5DF0A53D}.Debug|Any CPU.Build.0 = Debug|Any CPU
		{2308FFE2-44E5-4042-AADB-8DDF5DF0A53D}.Release|Any CPU.ActiveCfg = Release|Any CPU
		{2308FFE2-44E5-4042-AADB-8DDF5DF0A53D}.Release|Any CPU.Build.0 = Release|Any CPU
		{20FE2114-30A1-434C-A521-1D18B405A2C1}.Debug|Any CPU.ActiveCfg = Debug|Any CPU
		{20FE2114-30A1-434C-A521-1D18B405A2C1}.Debug|Any CPU.Build.0 = Debug|Any CPU
		{20FE2114-30A1-434C-A521-1D18B405A2C1}.Release|Any CPU.ActiveCfg = Release|Any CPU
		{20FE2114-30A1-434C-A521-1D18B405A2C1}.Release|Any CPU.Build.0 = Release|Any CPU
		{56528F60-AC7B-4FD4-BF26-62814952A717}.Debug|Any CPU.ActiveCfg = Debug|Any CPU
		{56528F60-AC7B-4FD4-BF26-62814952A717}.Debug|Any CPU.Build.0 = Debug|Any CPU
		{56528F60-AC7B-4FD4-BF26-62814952A717}.Release|Any CPU.ActiveCfg = Release|Any CPU
		{56528F60-AC7B-4FD4-BF26-62814952A717}.Release|Any CPU.Build.0 = Release|Any CPU
		{7949DE57-A470-4FE6-812D-57D19806FB62}.Debug|Any CPU.ActiveCfg = Debug|Any CPU
		{7949DE57-A470-4FE6-812D-57D19806FB62}.Debug|Any CPU.Build.0 = Debug|Any CPU
		{7949DE57-A470-4FE6-812D-57D19806FB62}.Release|Any CPU.ActiveCfg = Release|Any CPU
		{7949DE57-A470-4FE6-812D-57D19806FB62}.Release|Any CPU.Build.0 = Release|Any CPU
		{AF85E8F3-2A30-4A99-8E12-4E23B484C39D}.Debug|Any CPU.ActiveCfg = Debug|Any CPU
		{AF85E8F3-2A30-4A99-8E12-4E23B484C39D}.Debug|Any CPU.Build.0 = Debug|Any CPU
		{AF85E8F3-2A30-4A99-8E12-4E23B484C39D}.Release|Any CPU.ActiveCfg = Release|Any CPU
		{AF85E8F3-2A30-4A99-8E12-4E23B484C39D}.Release|Any CPU.Build.0 = Release|Any CPU
		{32432C6F-0A0D-429B-B2E6-F0AD2097A9DD}.Debug|Any CPU.ActiveCfg = Debug|Any CPU
		{32432C6F-0A0D-429B-B2E6-F0AD2097A9DD}.Debug|Any CPU.Build.0 = Debug|Any CPU
		{32432C6F-0A0D-429B-B2E6-F0AD2097A9DD}.Release|Any CPU.ActiveCfg = Release|Any CPU
		{32432C6F-0A0D-429B-B2E6-F0AD2097A9DD}.Release|Any CPU.Build.0 = Release|Any CPU
	EndGlobalSection
	GlobalSection(SolutionProperties) = preSolution
		HideSolutionNode = FALSE
	EndGlobalSection
	GlobalSection(ExtensibilityGlobals) = postSolution
		SolutionGuid = {09224B5E-2EC7-41C3-8A53-56D2633DCA2A}
	EndGlobalSection
EndGlobal
